
Microsoft Visual Studio Solution File, Format Version 12.00
# Visual Studio Version 17
VisualStudioVersion = 17.1.32210.238
MinimumVisualStudioVersion = 10.0.40219.1
Project("{2150E333-8FDC-42A3-9474-1A3956D46DE8}") = "1.(Entities)EnterpriseBusinesRules", "1.(Entities)EnterpriseBusinesRules", "{E22351B2-C972-4CBD-B31E-4343B23F6EB2}"
EndProject
Project("{9A19103F-16F7-4668-BE54-9A1E7A4F7556}") = "Mensajeria.Entities", "Mensajeria.Entities\Mensajeria.Entities.csproj", "{69CFC587-B8C4-4DA7-9C69-54633A77137D}"
EndProject
Project("{2150E333-8FDC-42A3-9474-1A3956D46DE8}") = "3.(Controller) InterfaceAdapters", "3.(Controller) InterfaceAdapters", "{44A438DF-6B00-4DBD-86F9-E93F3235734A}"
EndProject
Project("{2150E333-8FDC-42A3-9474-1A3956D46DE8}") = "Gateways", "Gateways", "{D764FE0B-E07D-482A-8EAD-6582135CCE21}"
EndProject
Project("{9A19103F-16F7-4668-BE54-9A1E7A4F7556}") = "Mensajeria.RepositoryEFCore", "Mensajeria.RepositoryEFCore\Mensajeria.RepositoryEFCore.csproj", "{FDC119F1-2CA3-4C6B-BBC0-6F8B9B58FEBE}"
EndProject
Project("{2150E333-8FDC-42A3-9474-1A3956D46DE8}") = "2.(UseCase) ApplicationBussinesRules", "2.(UseCase) ApplicationBussinesRules", "{EA1A1914-04F6-402D-9AB2-1106041C52C7}"
EndProject
Project("{9A19103F-16F7-4668-BE54-9A1E7A4F7556}") = "Mensajeria.DTOs", "Mensajeria.DTOs\Mensajeria.DTOs.csproj", "{59A6BF18-2340-4046-A6B1-8B3CE2AA8351}"
EndProject
Project("{9A19103F-16F7-4668-BE54-9A1E7A4F7556}") = "Mensajeria.UseCasesPorts", "Mensajeria.UseCasesPorts\Mensajeria.UseCasesPorts.csproj", "{A867CB6E-B617-4901-BE22-7AD9F64CB1E6}"
EndProject
Project("{9A19103F-16F7-4668-BE54-9A1E7A4F7556}") = "Mensajeria.UseCases", "Mensajeria.UseCases\Mensajeria.UseCases.csproj", "{100063A6-ACC9-4C0B-AF3C-1629FEABB75E}"
EndProject
Project("{2150E333-8FDC-42A3-9474-1A3956D46DE8}") = "Presenters", "Presenters", "{151FDC9E-8ABE-4544-A77D-2DE23B6F12F3}"
EndProject
Project("{9A19103F-16F7-4668-BE54-9A1E7A4F7556}") = "Mensajeria.Presenter", "Mensajeria.Presenter\Mensajeria.Presenter.csproj", "{AD132012-43FA-4690-AD2A-7CF317BE52CA}"
EndProject
Project("{2150E333-8FDC-42A3-9474-1A3956D46DE8}") = "Controllers", "Controllers", "{40ED4941-0C38-4E10-8D07-ACF3ADB87CBF}"
EndProject
Project("{9A19103F-16F7-4668-BE54-9A1E7A4F7556}") = "Mensajeria.Controllers", "Mensajeria.Controllers\Mensajeria.Controllers.csproj", "{ECAC25AB-066F-472A-87AB-237D94CA390E}"
EndProject
Project("{9A19103F-16F7-4668-BE54-9A1E7A4F7556}") = "Mensajeria.IoC", "Mensajeria.IoC\Mensajeria.IoC.csproj", "{746FC631-AC9E-45CB-82FA-A91CEB482629}"
EndProject
Project("{2150E333-8FDC-42A3-9474-1A3956D46DE8}") = "4.(Web) FrameworksAndDrivers", "4.(Web) FrameworksAndDrivers", "{35FD511F-E68A-4E2C-8C39-1398BACFB0E3}"
EndProject
Project("{2150E333-8FDC-42A3-9474-1A3956D46DE8}") = "Uis", "Uis", "{E4350796-4C23-43A9-9C10-502322A5AE06}"
EndProject
Project("{9A19103F-16F7-4668-BE54-9A1E7A4F7556}") = "Mensajeria.API", "Mensajeria.API\Mensajeria.API.csproj", "{7116C3F3-B01C-4DF6-B862-E2D62B7B2BB9}"
EndProject
Global
	GlobalSection(SolutionConfigurationPlatforms) = preSolution
		Debug|Any CPU = Debug|Any CPU
		Release|Any CPU = Release|Any CPU
	EndGlobalSection
	GlobalSection(ProjectConfigurationPlatforms) = postSolution
		{69CFC587-B8C4-4DA7-9C69-54633A77137D}.Debug|Any CPU.ActiveCfg = Debug|Any CPU
		{69CFC587-B8C4-4DA7-9C69-54633A77137D}.Debug|Any CPU.Build.0 = Debug|Any CPU
		{69CFC587-B8C4-4DA7-9C69-54633A77137D}.Release|Any CPU.ActiveCfg = Release|Any CPU
		{69CFC587-B8C4-4DA7-9C69-54633A77137D}.Release|Any CPU.Build.0 = Release|Any CPU
		{FDC119F1-2CA3-4C6B-BBC0-6F8B9B58FEBE}.Debug|Any CPU.ActiveCfg = Debug|Any CPU
		{FDC119F1-2CA3-4C6B-BBC0-6F8B9B58FEBE}.Debug|Any CPU.Build.0 = Debug|Any CPU
		{FDC119F1-2CA3-4C6B-BBC0-6F8B9B58FEBE}.Release|Any CPU.ActiveCfg = Release|Any CPU
		{FDC119F1-2CA3-4C6B-BBC0-6F8B9B58FEBE}.Release|Any CPU.Build.0 = Release|Any CPU
		{59A6BF18-2340-4046-A6B1-8B3CE2AA8351}.Debug|Any CPU.ActiveCfg = Debug|Any CPU
		{59A6BF18-2340-4046-A6B1-8B3CE2AA8351}.Debug|Any CPU.Build.0 = Debug|Any CPU
		{59A6BF18-2340-4046-A6B1-8B3CE2AA8351}.Release|Any CPU.ActiveCfg = Release|Any CPU
		{59A6BF18-2340-4046-A6B1-8B3CE2AA8351}.Release|Any CPU.Build.0 = Release|Any CPU
		{A867CB6E-B617-4901-BE22-7AD9F64CB1E6}.Debug|Any CPU.ActiveCfg = Debug|Any CPU
		{A867CB6E-B617-4901-BE22-7AD9F64CB1E6}.Debug|Any CPU.Build.0 = Debug|Any CPU
		{A867CB6E-B617-4901-BE22-7AD9F64CB1E6}.Release|Any CPU.ActiveCfg = Release|Any CPU
		{A867CB6E-B617-4901-BE22-7AD9F64CB1E6}.Release|Any CPU.Build.0 = Release|Any CPU
		{100063A6-ACC9-4C0B-AF3C-1629FEABB75E}.Debug|Any CPU.ActiveCfg = Debug|Any CPU
		{100063A6-ACC9-4C0B-AF3C-1629FEABB75E}.Debug|Any CPU.Build.0 = Debug|Any CPU
		{100063A6-ACC9-4C0B-AF3C-1629FEABB75E}.Release|Any CPU.ActiveCfg = Release|Any CPU
		{100063A6-ACC9-4C0B-AF3C-1629FEABB75E}.Release|Any CPU.Build.0 = Release|Any CPU
		{AD132012-43FA-4690-AD2A-7CF317BE52CA}.Debug|Any CPU.ActiveCfg = Debug|Any CPU
		{AD132012-43FA-4690-AD2A-7CF317BE52CA}.Debug|Any CPU.Build.0 = Debug|Any CPU
		{AD132012-43FA-4690-AD2A-7CF317BE52CA}.Release|Any CPU.ActiveCfg = Release|Any CPU
		{AD132012-43FA-4690-AD2A-7CF317BE52CA}.Release|Any CPU.Build.0 = Release|Any CPU
		{ECAC25AB-066F-472A-87AB-237D94CA390E}.Debug|Any CPU.ActiveCfg = Debug|Any CPU
		{ECAC25AB-066F-472A-87AB-237D94CA390E}.Debug|Any CPU.Build.0 = Debug|Any CPU
		{ECAC25AB-066F-472A-87AB-237D94CA390E}.Release|Any CPU.ActiveCfg = Release|Any CPU
		{ECAC25AB-066F-472A-87AB-237D94CA390E}.Release|Any CPU.Build.0 = Release|Any CPU
		{746FC631-AC9E-45CB-82FA-A91CEB482629}.Debug|Any CPU.ActiveCfg = Debug|Any CPU
		{746FC631-AC9E-45CB-82FA-A91CEB482629}.Debug|Any CPU.Build.0 = Debug|Any CPU
		{746FC631-AC9E-45CB-82FA-A91CEB482629}.Release|Any CPU.ActiveCfg = Release|Any CPU
		{746FC631-AC9E-45CB-82FA-A91CEB482629}.Release|Any CPU.Build.0 = Release|Any CPU
		{7116C3F3-B01C-4DF6-B862-E2D62B7B2BB9}.Debug|Any CPU.ActiveCfg = Debug|Any CPU
		{7116C3F3-B01C-4DF6-B862-E2D62B7B2BB9}.Debug|Any CPU.Build.0 = Debug|Any CPU
		{7116C3F3-B01C-4DF6-B862-E2D62B7B2BB9}.Release|Any CPU.ActiveCfg = Release|Any CPU
		{7116C3F3-B01C-4DF6-B862-E2D62B7B2BB9}.Release|Any CPU.Build.0 = Release|Any CPU
	EndGlobalSection
	GlobalSection(SolutionProperties) = preSolution
		HideSolutionNode = FALSE
	EndGlobalSection
	GlobalSection(NestedProjects) = preSolution
		{69CFC587-B8C4-4DA7-9C69-54633A77137D} = {E22351B2-C972-4CBD-B31E-4343B23F6EB2}
		{D764FE0B-E07D-482A-8EAD-6582135CCE21} = {44A438DF-6B00-4DBD-86F9-E93F3235734A}
		{FDC119F1-2CA3-4C6B-BBC0-6F8B9B58FEBE} = {D764FE0B-E07D-482A-8EAD-6582135CCE21}
		{59A6BF18-2340-4046-A6B1-8B3CE2AA8351} = {EA1A1914-04F6-402D-9AB2-1106041C52C7}
		{A867CB6E-B617-4901-BE22-7AD9F64CB1E6} = {EA1A1914-04F6-402D-9AB2-1106041C52C7}
		{100063A6-ACC9-4C0B-AF3C-1629FEABB75E} = {EA1A1914-04F6-402D-9AB2-1106041C52C7}
		{151FDC9E-8ABE-4544-A77D-2DE23B6F12F3} = {44A438DF-6B00-4DBD-86F9-E93F3235734A}
		{AD132012-43FA-4690-AD2A-7CF317BE52CA} = {151FDC9E-8ABE-4544-A77D-2DE23B6F12F3}
		{40ED4941-0C38-4E10-8D07-ACF3ADB87CBF} = {44A438DF-6B00-4DBD-86F9-E93F3235734A}
		{ECAC25AB-066F-472A-87AB-237D94CA390E} = {40ED4941-0C38-4E10-8D07-ACF3ADB87CBF}
		{746FC631-AC9E-45CB-82FA-A91CEB482629} = {D764FE0B-E07D-482A-8EAD-6582135CCE21}
		{E4350796-4C23-43A9-9C10-502322A5AE06} = {35FD511F-E68A-4E2C-8C39-1398BACFB0E3}
		{7116C3F3-B01C-4DF6-B862-E2D62B7B2BB9} = {E4350796-4C23-43A9-9C10-502322A5AE06}
	EndGlobalSection
	GlobalSection(ExtensibilityGlobals) = postSolution
		SolutionGuid = {90D5DF7C-8130-4729-89B5-F669A83B91F0}
	EndGlobalSection
EndGlobal
